
Microsoft Visual Studio Solution File, Format Version 12.00
# Visual Studio 15
VisualStudioVersion = 15.0.26430.14
MinimumVisualStudioVersion = 10.0.40219.1
Project("{2150E333-8FDC-42A3-9474-1A3956D46DE8}") = "1 - Presentation", "1 - Presentation", "{17799DE3-DE7D-419F-97C8-E6C6ED34CA19}"
EndProject
Project("{2150E333-8FDC-42A3-9474-1A3956D46DE8}") = "2 - Services", "2 - Services", "{91666702-5164-4D01-B138-B3092BA4D313}"
EndProject
Project("{2150E333-8FDC-42A3-9474-1A3956D46DE8}") = "3 - Application", "3 - Application", "{1F6E00CB-5AF4-4786-8F38-A64DD0053FF6}"
EndProject
Project("{2150E333-8FDC-42A3-9474-1A3956D46DE8}") = "4 - Domain", "4 - Domain", "{937D7A8F-6E45-4A05-BA38-AE281DDEF28F}"
EndProject
Project("{2150E333-8FDC-42A3-9474-1A3956D46DE8}") = "5 - Infra", "5 - Infra", "{678EEC45-2C77-4694-8D0D-7B12A7D0212F}"
EndProject
Project("{2150E333-8FDC-42A3-9474-1A3956D46DE8}") = "5.1 - Data", "5.1 - Data", "{D65B3F26-FA6B-47CB-9C2A-5F1005764004}"
EndProject
Project("{2150E333-8FDC-42A3-9474-1A3956D46DE8}") = "5.2 - CrossCutting", "5.2 - CrossCutting", "{0A5C7707-1339-4F46-BD19-F271816E3DAB}"
EndProject
Project("{FAE04EC0-301F-11D3-BF4B-00C04F79EFBC}") = "EasyComTech.GTE.Services.Api", "src\EasyComTech.GTE.Services.Api\EasyComTech.GTE.Services.Api.csproj", "{DD600C27-E416-4394-AC66-ADCE2A073D6B}"
EndProject
Project("{FAE04EC0-301F-11D3-BF4B-00C04F79EFBC}") = "GTE.Application", "src\GTE.Application\GTE.Application.csproj", "{E0C72B11-14CA-49CF-8F68-BFACFD9E07C9}"
EndProject
Project("{FAE04EC0-301F-11D3-BF4B-00C04F79EFBC}") = "GTE.Domain", "src\GTE.Domain\GTE.Domain.csproj", "{B9325F4A-34B4-4E0C-9C1C-8C6B5486A219}"
EndProject
Project("{FAE04EC0-301F-11D3-BF4B-00C04F79EFBC}") = "GTE.Infra.Data", "src\GTE.Infra.Data\GTE.Infra.Data.csproj", "{4919662E-F1F9-4022-BFC5-6A733AE4337E}"
EndProject
Project("{FAE04EC0-301F-11D3-BF4B-00C04F79EFBC}") = "GTE.Infra.CrossCutting.IoC", "src\GTE.Infra.CrossCutting.IoC\GTE.Infra.CrossCutting.IoC.csproj", "{F11D76E7-4D4F-4528-963D-6D68DCFCC3D6}"
EndProject
Global
	GlobalSection(SolutionConfigurationPlatforms) = preSolution
		Debug|Any CPU = Debug|Any CPU
		Release|Any CPU = Release|Any CPU
	EndGlobalSection
	GlobalSection(ProjectConfigurationPlatforms) = postSolution
		{DD600C27-E416-4394-AC66-ADCE2A073D6B}.Debug|Any CPU.ActiveCfg = Debug|Any CPU
		{DD600C27-E416-4394-AC66-ADCE2A073D6B}.Debug|Any CPU.Build.0 = Debug|Any CPU
		{DD600C27-E416-4394-AC66-ADCE2A073D6B}.Release|Any CPU.ActiveCfg = Release|Any CPU
		{DD600C27-E416-4394-AC66-ADCE2A073D6B}.Release|Any CPU.Build.0 = Release|Any CPU
		{E0C72B11-14CA-49CF-8F68-BFACFD9E07C9}.Debug|Any CPU.ActiveCfg = Debug|Any CPU
		{E0C72B11-14CA-49CF-8F68-BFACFD9E07C9}.Debug|Any CPU.Build.0 = Debug|Any CPU
		{E0C72B11-14CA-49CF-8F68-BFACFD9E07C9}.Release|Any CPU.ActiveCfg = Release|Any CPU
		{E0C72B11-14CA-49CF-8F68-BFACFD9E07C9}.Release|Any CPU.Build.0 = Release|Any CPU
		{B9325F4A-34B4-4E0C-9C1C-8C6B5486A219}.Debug|Any CPU.ActiveCfg = Debug|Any CPU
		{B9325F4A-34B4-4E0C-9C1C-8C6B5486A219}.Debug|Any CPU.Build.0 = Debug|Any CPU
		{B9325F4A-34B4-4E0C-9C1C-8C6B5486A219}.Release|Any CPU.ActiveCfg = Release|Any CPU
		{B9325F4A-34B4-4E0C-9C1C-8C6B5486A219}.Release|Any CPU.Build.0 = Release|Any CPU
		{4919662E-F1F9-4022-BFC5-6A733AE4337E}.Debug|Any CPU.ActiveCfg = Debug|Any CPU
		{4919662E-F1F9-4022-BFC5-6A733AE4337E}.Debug|Any CPU.Build.0 = Debug|Any CPU
		{4919662E-F1F9-4022-BFC5-6A733AE4337E}.Release|Any CPU.ActiveCfg = Release|Any CPU
		{4919662E-F1F9-4022-BFC5-6A733AE4337E}.Release|Any CPU.Build.0 = Release|Any CPU
		{F11D76E7-4D4F-4528-963D-6D68DCFCC3D6}.Debug|Any CPU.ActiveCfg = Debug|Any CPU
		{F11D76E7-4D4F-4528-963D-6D68DCFCC3D6}.Debug|Any CPU.Build.0 = Debug|Any CPU
		{F11D76E7-4D4F-4528-963D-6D68DCFCC3D6}.Release|Any CPU.ActiveCfg = Release|Any CPU
		{F11D76E7-4D4F-4528-963D-6D68DCFCC3D6}.Release|Any CPU.Build.0 = Release|Any CPU
	EndGlobalSection
	GlobalSection(SolutionProperties) = preSolution
		HideSolutionNode = FALSE
	EndGlobalSection
	GlobalSection(NestedProjects) = preSolution
		{D65B3F26-FA6B-47CB-9C2A-5F1005764004} = {678EEC45-2C77-4694-8D0D-7B12A7D0212F}
		{0A5C7707-1339-4F46-BD19-F271816E3DAB} = {678EEC45-2C77-4694-8D0D-7B12A7D0212F}
		{DD600C27-E416-4394-AC66-ADCE2A073D6B} = {91666702-5164-4D01-B138-B3092BA4D313}
		{E0C72B11-14CA-49CF-8F68-BFACFD9E07C9} = {1F6E00CB-5AF4-4786-8F38-A64DD0053FF6}
		{B9325F4A-34B4-4E0C-9C1C-8C6B5486A219} = {937D7A8F-6E45-4A05-BA38-AE281DDEF28F}
		{4919662E-F1F9-4022-BFC5-6A733AE4337E} = {D65B3F26-FA6B-47CB-9C2A-5F1005764004}
		{F11D76E7-4D4F-4528-963D-6D68DCFCC3D6} = {0A5C7707-1339-4F46-BD19-F271816E3DAB}
	EndGlobalSection
EndGlobal
